
Microsoft Visual Studio Solution File, Format Version 12.00
# Visual Studio Version 17
VisualStudioVersion = 17.0.31903.59
MinimumVisualStudioVersion = 10.0.40219.1
Project("{2150E333-8FDC-42A3-9474-1A3956D46DE8}") = "src", "src", "{827E0CD3-B72D-47B6-A68D-7590B98EB39B}"
EndProject
Project("{FAE04EC0-301F-11D3-BF4B-00C04F79EFBC}") = "AgentForge.RedTeam", "src\AgentForge.RedTeam\AgentForge.RedTeam.csproj", "{B6BBE64B-2FD5-4821-A3F2-6A2A25F9FD36}"
EndProject
Project("{FAE04EC0-301F-11D3-BF4B-00C04F79EFBC}") = "AgentForge.Harness", "src\AgentForge.Harness\AgentForge.Harness.csproj", "{36C5D63E-6CEF-41CF-B1F6-481B4E6706A6}"
EndProject
Project("{FAE04EC0-301F-11D3-BF4B-00C04F79EFBC}") = "AgentForge.Web", "src\AgentForge.Web\AgentForge.Web.csproj", "{D22C5BB8-5519-423C-AE88-21B41501A406}"
EndProject
Global
	GlobalSection(SolutionConfigurationPlatforms) = preSolution
		Debug|Any CPU = Debug|Any CPU
		Debug|x64 = Debug|x64
		Debug|x86 = Debug|x86
		Release|Any CPU = Release|Any CPU
		Release|x64 = Release|x64
		Release|x86 = Release|x86
	EndGlobalSection
	GlobalSection(ProjectConfigurationPlatforms) = postSolution
		{B6BBE64B-2FD5-4821-A3F2-6A2A25F9FD36}.Debug|Any CPU.ActiveCfg = Debug|Any CPU
		{B6BBE64B-2FD5-4821-A3F2-6A2A25F9FD36}.Debug|Any CPU.Build.0 = Debug|Any CPU
		{B6BBE64B-2FD5-4821-A3F2-6A2A25F9FD36}.Debug|x64.ActiveCfg = Debug|Any CPU
		{B6BBE64B-2FD5-4821-A3F2-6A2A25F9FD36}.Debug|x64.Build.0 = Debug|Any CPU
		{B6BBE64B-2FD5-4821-A3F2-6A2A25F9FD36}.Debug|x86.ActiveCfg = Debug|Any CPU
		{B6BBE64B-2FD5-4821-A3F2-6A2A25F9FD36}.Debug|x86.Build.0 = Debug|Any CPU
		{B6BBE64B-2FD5-4821-A3F2-6A2A25F9FD36}.Release|Any CPU.ActiveCfg = Release|Any CPU
		{B6BBE64B-2FD5-4821-A3F2-6A2A25F9FD36}.Release|Any CPU.Build.0 = Release|Any CPU
		{B6BBE64B-2FD5-4821-A3F2-6A2A25F9FD36}.Release|x64.ActiveCfg = Release|Any CPU
		{B6BBE64B-2FD5-4821-A3F2-6A2A25F9FD36}.Release|x64.Build.0 = Release|Any CPU
		{B6BBE64B-2FD5-4821-A3F2-6A2A25F9FD36}.Release|x86.ActiveCfg = Release|Any CPU
		{B6BBE64B-2FD5-4821-A3F2-6A2A25F9FD36}.Release|x86.Build.0 = Release|Any CPU
		{36C5D63E-6CEF-41CF-B1F6-481B4E6706A6}.Debug|Any CPU.ActiveCfg = Debug|Any CPU
		{36C5D63E-6CEF-41CF-B1F6-481B4E6706A6}.Debug|Any CPU.Build.0 = Debug|Any CPU
		{36C5D63E-6CEF-41CF-B1F6-481B4E6706A6}.Debug|x64.ActiveCfg = Debug|Any CPU
		{36C5D63E-6CEF-41CF-B1F6-481B4E6706A6}.Debug|x64.Build.0 = Debug|Any CPU
		{36C5D63E-6CEF-41CF-B1F6-481B4E6706A6}.Debug|x86.ActiveCfg = Debug|Any CPU
		{36C5D63E-6CEF-41CF-B1F6-481B4E6706A6}.Debug|x86.Build.0 = Debug|Any CPU
		{36C5D63E-6CEF-41CF-B1F6-481B4E6706A6}.Release|Any CPU.ActiveCfg = Release|Any CPU
		{36C5D63E-6CEF-41CF-B1F6-481B4E6706A6}.Release|Any CPU.Build.0 = Release|Any CPU
		{36C5D63E-6CEF-41CF-B1F6-481B4E6706A6}.Release|x64.ActiveCfg = Release|Any CPU
		{36C5D63E-6CEF-41CF-B1F6-481B4E6706A6}.Release|x64.Build.0 = Release|Any CPU
		{36C5D63E-6CEF-41CF-B1F6-481B4E6706A6}.Release|x86.ActiveCfg = Release|Any CPU
		{36C5D63E-6CEF-41CF-B1F6-481B4E6706A6}.Release|x86.Build.0 = Release|Any CPU
		{D22C5BB8-5519-423C-AE88-21B41501A406}.Debug|Any CPU.ActiveCfg = Debug|Any CPU
		{D22C5BB8-5519-423C-AE88-21B41501A406}.Debug|Any CPU.Build.0 = Debug|Any CPU
		{D22C5BB8-5519-423C-AE88-21B41501A406}.Debug|x64.ActiveCfg = Debug|Any CPU
		{D22C5BB8-5519-423C-AE88-21B41501A406}.Debug|x64.Build.0 = Debug|Any CPU
		{D22C5BB8-5519-423C-AE88-21B41501A406}.Debug|x86.ActiveCfg = Debug|Any CPU
		{D22C5BB8-5519-423C-AE88-21B41501A406}.Debug|x86.Build.0 = Debug|Any CPU
		{D22C5BB8-5519-423C-AE88-21B41501A406}.Release|Any CPU.ActiveCfg = Release|Any CPU
		{D22C5BB8-5519-423C-AE88-21B41501A406}.Release|Any CPU.Build.0 = Release|Any CPU
		{D22C5BB8-5519-423C-AE88-21B41501A406}.Release|x64.ActiveCfg = Release|Any CPU
		{D22C5BB8-5519-423C-AE88-21B41501A406}.Release|x64.Build.0 = Release|Any CPU
		{D22C5BB8-5519-423C-AE88-21B41501A406}.Release|x86.ActiveCfg = Release|Any CPU
		{D22C5BB8-5519-423C-AE88-21B41501A406}.Release|x86.Build.0 = Release|Any CPU
	EndGlobalSection
	GlobalSection(SolutionProperties) = preSolution
		HideSolutionNode = FALSE
	EndGlobalSection
	GlobalSection(NestedProjects) = preSolution
		{B6BBE64B-2FD5-4821-A3F2-6A2A25F9FD36} = {827E0CD3-B72D-47B6-A68D-7590B98EB39B}
		{36C5D63E-6CEF-41CF-B1F6-481B4E6706A6} = {827E0CD3-B72D-47B6-A68D-7590B98EB39B}
		{D22C5BB8-5519-423C-AE88-21B41501A406} = {827E0CD3-B72D-47B6-A68D-7590B98EB39B}
	EndGlobalSection
EndGlobal
